// !$*UTF8*$!
{
	archiveVersion = 1;
	classes = {
	};
	objectVersion = 46;
	objects = {

/* Begin PBXBuildFile section */
		5C49DCC32BEE31B000C93DFF /* PBLinkageThreeListController.m in Sources */ = {isa = PBXBuildFile; fileRef = 5C49DCB12BEE31B000C93DFF /* PBLinkageThreeListController.m */; };
		5C49DCC42BEE31B000C93DFF /* PBLinkageController.m in Sources */ = {isa = PBXBuildFile; fileRef = 5C49DCB22BEE31B000C93DFF /* PBLinkageController.m */; };
		5C49DCC52BEE31B000C93DFF /* PBLinkageTwoListController.m in Sources */ = {isa = PBXBuildFile; fileRef = 5C49DCB32BEE31B000C93DFF /* PBLinkageTwoListController.m */; };
		5C49DCC62BEE31B000C93DFF /* PBLinkageOneListController.m in Sources */ = {isa = PBXBuildFile; fileRef = 5C49DCB42BEE31B000C93DFF /* PBLinkageOneListController.m */; };
		5C49DCC72BEE31B000C93DFF /* PBLinkageSectionView.m in Sources */ = {isa = PBXBuildFile; fileRef = 5C49DCB82BEE31B000C93DFF /* PBLinkageSectionView.m */; };
		5C49DCC82BEE31B000C93DFF /* PBLinkageView.m in Sources */ = {isa = PBXBuildFile; fileRef = 5C49DCB92BEE31B000C93DFF /* PBLinkageView.m */; };
		5C49DCC92BEE31B000C93DFF /* PBLinkageTableView.m in Sources */ = {isa = PBXBuildFile; fileRef = 5C49DCBB2BEE31B000C93DFF /* PBLinkageTableView.m */; };
		5C49DCCA2BEE31B000C93DFF /* PBLinkageContainerCell.m in Sources */ = {isa = PBXBuildFile; fileRef = 5C49DCBE2BEE31B000C93DFF /* PBLinkageContainerCell.m */; };
		5C49DCCB2BEE31B000C93DFF /* PBLinkagePosterCell.m in Sources */ = {isa = PBXBuildFile; fileRef = 5C49DCC02BEE31B000C93DFF /* PBLinkagePosterCell.m */; };
		5C49DCCC2BEE31B000C93DFF /* PBLinkageDescCell.m in Sources */ = {isa = PBXBuildFile; fileRef = 5C49DCC22BEE31B000C93DFF /* PBLinkageDescCell.m */; };
		5CEFE1B6280FB43E0073BC47 /* PBCommonController.m in Sources */ = {isa = PBXBuildFile; fileRef = 5CEFE1AF280FB43E0073BC47 /* PBCommonController.m */; };
		5CEFE1B8280FB43E0073BC47 /* PBCommonView.m in Sources */ = {isa = PBXBuildFile; fileRef = 5CEFE1B4280FB43E0073BC47 /* PBCommonView.m */; };
		9516BDC724696A390070C282 /* AppDelegate.m in Sources */ = {isa = PBXBuildFile; fileRef = 9516BDC424696A390070C282 /* AppDelegate.m */; };
		95C8742B22E844CB002795D0 /* libxml2.2.tbd in Frameworks */ = {isa = PBXBuildFile; fileRef = 95C8742A22E844CA002795D0 /* libxml2.2.tbd */; };
		B0300E6E1F11DE5D00624D91 /* main.m in Sources */ = {isa = PBXBuildFile; fileRef = B0300E6D1F11DE5D00624D91 /* main.m */; };
		B0300E791F11DE5D00624D91 /* Assets.xcassets in Resources */ = {isa = PBXBuildFile; fileRef = B0300E781F11DE5D00624D91 /* Assets.xcassets */; };
		F0AFC7FF77815C888432D2DA /* libPods-TestOC.a in Frameworks */ = {isa = PBXBuildFile; fileRef = F1F127C77A713C7E6DD53693 /* libPods-TestOC.a */; };
/* End PBXBuildFile section */

/* Begin PBXFileReference section */
		0EAECF538E1AFD05466F6C8E /* Pods-TestOC.release.xcconfig */ = {isa = PBXFileReference; includeInIndex = 1; lastKnownFileType = text.xcconfig; name = "Pods-TestOC.release.xcconfig"; path = "Pods/Target Support Files/Pods-TestOC/Pods-TestOC.release.xcconfig"; sourceTree = "<group>"; };
		3D8AB0C83099555FDB3679B2 /* Pods-TestBundle.debug.xcconfig */ = {isa = PBXFileReference; includeInIndex = 1; lastKnownFileType = text.xcconfig; name = "Pods-TestBundle.debug.xcconfig"; path = "Pods/Target Support Files/Pods-TestBundle/Pods-TestBundle.debug.xcconfig"; sourceTree = "<group>"; };
		5C464D122939EBAF00BA6B3D /* libswiftCoreGraphics.tbd */ = {isa = PBXFileReference; lastKnownFileType = "sourcecode.text-based-dylib-definition"; name = libswiftCoreGraphics.tbd; path = usr/lib/swift/libswiftCoreGraphics.tbd; sourceTree = SDKROOT; };
		5C49DCAE2BEE31B000C93DFF /* PBLinkageTwoListController.h */ = {isa = PBXFileReference; fileEncoding = 4; lastKnownFileType = sourcecode.c.h; path = PBLinkageTwoListController.h; sourceTree = "<group>"; };
		5C49DCAF2BEE31B000C93DFF /* PBLinkageController.h */ = {isa = PBXFileReference; fileEncoding = 4; lastKnownFileType = sourcecode.c.h; path = PBLinkageController.h; sourceTree = "<group>"; };
		5C49DCB02BEE31B000C93DFF /* PBLinkageOneListController.h */ = {isa = PBXFileReference; fileEncoding = 4; lastKnownFileType = sourcecode.c.h; path = PBLinkageOneListController.h; sourceTree = "<group>"; };
		5C49DCB12BEE31B000C93DFF /* PBLinkageThreeListController.m */ = {isa = PBXFileReference; fileEncoding = 4; lastKnownFileType = sourcecode.c.objc; path = PBLinkageThreeListController.m; sourceTree = "<group>"; };
		5C49DCB22BEE31B000C93DFF /* PBLinkageController.m */ = {isa = PBXFileReference; fileEncoding = 4; lastKnownFileType = sourcecode.c.objc; path = PBLinkageController.m; sourceTree = "<group>"; };
		5C49DCB32BEE31B000C93DFF /* PBLinkageTwoListController.m */ = {isa = PBXFileReference; fileEncoding = 4; lastKnownFileType = sourcecode.c.objc; path = PBLinkageTwoListController.m; sourceTree = "<group>"; };
		5C49DCB42BEE31B000C93DFF /* PBLinkageOneListController.m */ = {isa = PBXFileReference; fileEncoding = 4; lastKnownFileType = sourcecode.c.objc; path = PBLinkageOneListController.m; sourceTree = "<group>"; };
		5C49DCB52BEE31B000C93DFF /* PBLinkageThreeListController.h */ = {isa = PBXFileReference; fileEncoding = 4; lastKnownFileType = sourcecode.c.h; path = PBLinkageThreeListController.h; sourceTree = "<group>"; };
		5C49DCB72BEE31B000C93DFF /* PBLinkageContainerCell.h */ = {isa = PBXFileReference; fileEncoding = 4; lastKnownFileType = sourcecode.c.h; path = PBLinkageContainerCell.h; sourceTree = "<group>"; };
		5C49DCB82BEE31B000C93DFF /* PBLinkageSectionView.m */ = {isa = PBXFileReference; fileEncoding = 4; lastKnownFileType = sourcecode.c.objc; path = PBLinkageSectionView.m; sourceTree = "<group>"; };
		5C49DCB92BEE31B000C93DFF /* PBLinkageView.m */ = {isa = PBXFileReference; fileEncoding = 4; lastKnownFileType = sourcecode.c.objc; path = PBLinkageView.m; sourceTree = "<group>"; };
		5C49DCBA2BEE31B000C93DFF /* PBLinkagePosterCell.h */ = {isa = PBXFileReference; fileEncoding = 4; lastKnownFileType = sourcecode.c.h; path = PBLinkagePosterCell.h; sourceTree = "<group>"; };
		5C49DCBB2BEE31B000C93DFF /* PBLinkageTableView.m */ = {isa = PBXFileReference; fileEncoding = 4; lastKnownFileType = sourcecode.c.objc; path = PBLinkageTableView.m; sourceTree = "<group>"; };
		5C49DCBC2BEE31B000C93DFF /* PBLinkageDescCell.h */ = {isa = PBXFileReference; fileEncoding = 4; lastKnownFileType = sourcecode.c.h; path = PBLinkageDescCell.h; sourceTree = "<group>"; };
		5C49DCBD2BEE31B000C93DFF /* PBLinkageSectionView.h */ = {isa = PBXFileReference; fileEncoding = 4; lastKnownFileType = sourcecode.c.h; path = PBLinkageSectionView.h; sourceTree = "<group>"; };
		5C49DCBE2BEE31B000C93DFF /* PBLinkageContainerCell.m */ = {isa = PBXFileReference; fileEncoding = 4; lastKnownFileType = sourcecode.c.objc; path = PBLinkageContainerCell.m; sourceTree = "<group>"; };
		5C49DCBF2BEE31B000C93DFF /* PBLinkageTableView.h */ = {isa = PBXFileReference; fileEncoding = 4; lastKnownFileType = sourcecode.c.h; path = PBLinkageTableView.h; sourceTree = "<group>"; };
		5C49DCC02BEE31B000C93DFF /* PBLinkagePosterCell.m */ = {isa = PBXFileReference; fileEncoding = 4; lastKnownFileType = sourcecode.c.objc; path = PBLinkagePosterCell.m; sourceTree = "<group>"; };
		5C49DCC12BEE31B000C93DFF /* PBLinkageView.h */ = {isa = PBXFileReference; fileEncoding = 4; lastKnownFileType = sourcecode.c.h; path = PBLinkageView.h; sourceTree = "<group>"; };
		5C49DCC22BEE31B000C93DFF /* PBLinkageDescCell.m */ = {isa = PBXFileReference; fileEncoding = 4; lastKnownFileType = sourcecode.c.objc; path = PBLinkageDescCell.m; sourceTree = "<group>"; };
		5CEFE1AF280FB43E0073BC47 /* PBCommonController.m */ = {isa = PBXFileReference; fileEncoding = 4; lastKnownFileType = sourcecode.c.objc; path = PBCommonController.m; sourceTree = "<group>"; };
		5CEFE1B2280FB43E0073BC47 /* PBCommonController.h */ = {isa = PBXFileReference; fileEncoding = 4; lastKnownFileType = sourcecode.c.h; path = PBCommonController.h; sourceTree = "<group>"; };
		5CEFE1B4280FB43E0073BC47 /* PBCommonView.m */ = {isa = PBXFileReference; fileEncoding = 4; lastKnownFileType = sourcecode.c.objc; path = PBCommonView.m; sourceTree = "<group>"; };
		5CEFE1B5280FB43E0073BC47 /* PBCommonView.h */ = {isa = PBXFileReference; fileEncoding = 4; lastKnownFileType = sourcecode.c.h; path = PBCommonView.h; sourceTree = "<group>"; };
		7B15444BFF46E75EEFBA7A00 /* Pods-TestBundle.release.xcconfig */ = {isa = PBXFileReference; includeInIndex = 1; lastKnownFileType = text.xcconfig; name = "Pods-TestBundle.release.xcconfig"; path = "Pods/Target Support Files/Pods-TestBundle/Pods-TestBundle.release.xcconfig"; sourceTree = "<group>"; };
		9516BDC224696A390070C282 /* AppDelegate.h */ = {isa = PBXFileReference; fileEncoding = 4; lastKnownFileType = sourcecode.c.h; path = AppDelegate.h; sourceTree = "<group>"; };
		9516BDC424696A390070C282 /* AppDelegate.m */ = {isa = PBXFileReference; fileEncoding = 4; lastKnownFileType = sourcecode.c.objc; path = AppDelegate.m; sourceTree = "<group>"; };
		95C8742A22E844CA002795D0 /* libxml2.2.tbd */ = {isa = PBXFileReference; lastKnownFileType = "sourcecode.text-based-dylib-definition"; name = libxml2.2.tbd; path = usr/lib/libxml2.2.tbd; sourceTree = SDKROOT; };
		A6E368E17C0EAC6744FC41BC /* Pods-TestOC.debug.xcconfig */ = {isa = PBXFileReference; includeInIndex = 1; lastKnownFileType = text.xcconfig; name = "Pods-TestOC.debug.xcconfig"; path = "Pods/Target Support Files/Pods-TestOC/Pods-TestOC.debug.xcconfig"; sourceTree = "<group>"; };
		B0300E691F11DE5D00624D91 /* TestOC.app */ = {isa = PBXFileReference; explicitFileType = wrapper.application; includeInIndex = 0; path = TestOC.app; sourceTree = BUILT_PRODUCTS_DIR; };
		B0300E6D1F11DE5D00624D91 /* main.m */ = {isa = PBXFileReference; lastKnownFileType = sourcecode.c.objc; path = main.m; sourceTree = "<group>"; };
		B0300E781F11DE5D00624D91 /* Assets.xcassets */ = {isa = PBXFileReference; lastKnownFileType = folder.assetcatalog; path = Assets.xcassets; sourceTree = "<group>"; };
		B0300E7D1F11DE5D00624D91 /* Info.plist */ = {isa = PBXFileReference; lastKnownFileType = text.plist.xml; path = Info.plist; sourceTree = "<group>"; };
		F1F127C77A713C7E6DD53693 /* libPods-TestOC.a */ = {isa = PBXFileReference; explicitFileType = archive.ar; includeInIndex = 0; path = "libPods-TestOC.a"; sourceTree = BUILT_PRODUCTS_DIR; };
/* End PBXFileReference section */

/* Begin PBXFrameworksBuildPhase section */
		B0300E661F11DE5D00624D91 /* Frameworks */ = {
			isa = PBXFrameworksBuildPhase;
			buildActionMask = 2147483647;
			files = (
				95C8742B22E844CB002795D0 /* libxml2.2.tbd in Frameworks */,
				F0AFC7FF77815C888432D2DA /* libPods-TestOC.a in Frameworks */,
			);
			runOnlyForDeploymentPostprocessing = 0;
		};
/* End PBXFrameworksBuildPhase section */

/* Begin PBXGroup section */
		5C49DCAC2BEE31B000C93DFF /* PBScrollViewLinkage */ = {
			isa = PBXGroup;
			children = (
				5C49DCAD2BEE31B000C93DFF /* Controllers */,
				5C49DCB62BEE31B000C93DFF /* Views */,
			);
			path = PBScrollViewLinkage;
			sourceTree = "<group>";
		};
		5C49DCAD2BEE31B000C93DFF /* Controllers */ = {
			isa = PBXGroup;
			children = (
				5C49DCAF2BEE31B000C93DFF /* PBLinkageController.h */,
				5C49DCB22BEE31B000C93DFF /* PBLinkageController.m */,
				5C49DCB02BEE31B000C93DFF /* PBLinkageOneListController.h */,
				5C49DCB42BEE31B000C93DFF /* PBLinkageOneListController.m */,
				5C49DCB12BEE31B000C93DFF /* PBLinkageThreeListController.m */,
				5C49DCB52BEE31B000C93DFF /* PBLinkageThreeListController.h */,
				5C49DCB32BEE31B000C93DFF /* PBLinkageTwoListController.m */,
				5C49DCAE2BEE31B000C93DFF /* PBLinkageTwoListController.h */,
			);
			path = Controllers;
			sourceTree = "<group>";
		};
		5C49DCB62BEE31B000C93DFF /* Views */ = {
			isa = PBXGroup;
			children = (
				5C49DCBD2BEE31B000C93DFF /* PBLinkageSectionView.h */,
				5C49DCB82BEE31B000C93DFF /* PBLinkageSectionView.m */,
				5C49DCBF2BEE31B000C93DFF /* PBLinkageTableView.h */,
				5C49DCBB2BEE31B000C93DFF /* PBLinkageTableView.m */,
				5C49DCC12BEE31B000C93DFF /* PBLinkageView.h */,
				5C49DCB92BEE31B000C93DFF /* PBLinkageView.m */,
				5C49DCBA2BEE31B000C93DFF /* PBLinkagePosterCell.h */,
				5C49DCC02BEE31B000C93DFF /* PBLinkagePosterCell.m */,
				5C49DCBC2BEE31B000C93DFF /* PBLinkageDescCell.h */,
				5C49DCC22BEE31B000C93DFF /* PBLinkageDescCell.m */,
				5C49DCB72BEE31B000C93DFF /* PBLinkageContainerCell.h */,
				5C49DCBE2BEE31B000C93DFF /* PBLinkageContainerCell.m */,
			);
			path = Views;
			sourceTree = "<group>";
		};
		5CEFE1AD280FB43E0073BC47 /* PBCommon */ = {
			isa = PBXGroup;
			children = (
				5CEFE1AE280FB43E0073BC47 /* Controllers */,
				5CEFE1B3280FB43E0073BC47 /* Views */,
			);
			path = PBCommon;
			sourceTree = "<group>";
		};
		5CEFE1AE280FB43E0073BC47 /* Controllers */ = {
			isa = PBXGroup;
			children = (
				5CEFE1B2280FB43E0073BC47 /* PBCommonController.h */,
				5CEFE1AF280FB43E0073BC47 /* PBCommonController.m */,
			);
			path = Controllers;
			sourceTree = "<group>";
		};
		5CEFE1B3280FB43E0073BC47 /* Views */ = {
			isa = PBXGroup;
			children = (
				5CEFE1B5280FB43E0073BC47 /* PBCommonView.h */,
				5CEFE1B4280FB43E0073BC47 /* PBCommonView.m */,
			);
			path = Views;
			sourceTree = "<group>";
		};
		9E83BB1D845B7E187EEAE3DC /* Pods */ = {
			isa = PBXGroup;
			children = (
				3D8AB0C83099555FDB3679B2 /* Pods-TestBundle.debug.xcconfig */,
				7B15444BFF46E75EEFBA7A00 /* Pods-TestBundle.release.xcconfig */,
				A6E368E17C0EAC6744FC41BC /* Pods-TestOC.debug.xcconfig */,
				0EAECF538E1AFD05466F6C8E /* Pods-TestOC.release.xcconfig */,
			);
			name = Pods;
			sourceTree = "<group>";
		};
		A3542F169BD13378E7ADD731 /* Frameworks */ = {
			isa = PBXGroup;
			children = (
				5C464D122939EBAF00BA6B3D /* libswiftCoreGraphics.tbd */,
				95C8742A22E844CA002795D0 /* libxml2.2.tbd */,
				F1F127C77A713C7E6DD53693 /* libPods-TestOC.a */,
			);
			name = Frameworks;
			sourceTree = "<group>";
		};
		B0300E601F11DE5D00624D91 = {
			isa = PBXGroup;
			children = (
				B0300E6B1F11DE5D00624D91 /* TestOC */,
				B0300E6A1F11DE5D00624D91 /* Products */,
				9E83BB1D845B7E187EEAE3DC /* Pods */,
				A3542F169BD13378E7ADD731 /* Frameworks */,
			);
			sourceTree = "<group>";
		};
		B0300E6A1F11DE5D00624D91 /* Products */ = {
			isa = PBXGroup;
			children = (
				B0300E691F11DE5D00624D91 /* TestOC.app */,
			);
			name = Products;
			sourceTree = "<group>";
		};
		B0300E6B1F11DE5D00624D91 /* TestOC */ = {
			isa = PBXGroup;
			children = (
				9516BDC224696A390070C282 /* AppDelegate.h */,
				9516BDC424696A390070C282 /* AppDelegate.m */,
				B0300E881F11DFC900624D91 /* Resources */,
				B0300E831F11DF9100624D91 /* Page */,
				B0300E6C1F11DE5D00624D91 /* Supporting Files */,
			);
			path = TestOC;
			sourceTree = "<group>";
		};
		B0300E6C1F11DE5D00624D91 /* Supporting Files */ = {
			isa = PBXGroup;
			children = (
				B0300E7D1F11DE5D00624D91 /* Info.plist */,
				B0300E6D1F11DE5D00624D91 /* main.m */,
			);
			name = "Supporting Files";
			sourceTree = "<group>";
		};
		B0300E831F11DF9100624D91 /* Page */ = {
			isa = PBXGroup;
			children = (
				5C49DCAC2BEE31B000C93DFF /* PBScrollViewLinkage */,
				5CEFE1AD280FB43E0073BC47 /* PBCommon */,
			);
			path = Page;
			sourceTree = "<group>";
		};
		B0300E881F11DFC900624D91 /* Resources */ = {
			isa = PBXGroup;
			children = (
				B0300E781F11DE5D00624D91 /* Assets.xcassets */,
			);
			name = Resources;
			sourceTree = "<group>";
		};
/* End PBXGroup section */

/* Begin PBXNativeTarget section */
		B0300E681F11DE5D00624D91 /* TestOC */ = {
			isa = PBXNativeTarget;
			buildConfigurationList = B0300E801F11DE5D00624D91 /* Build configuration list for PBXNativeTarget "TestOC" */;
			buildPhases = (
				32840C76837A6F089155A999 /* [CP] Check Pods Manifest.lock */,
				B0300E651F11DE5D00624D91 /* Sources */,
				B0300E661F11DE5D00624D91 /* Frameworks */,
				B0300E671F11DE5D00624D91 /* Resources */,
			);
			buildRules = (
			);
			dependencies = (
			);
			name = TestOC;
			productName = TestBundle;
			productReference = B0300E691F11DE5D00624D91 /* TestOC.app */;
			productType = "com.apple.product-type.application";
		};
/* End PBXNativeTarget section */

/* Begin PBXProject section */
		B0300E611F11DE5D00624D91 /* Project object */ = {
			isa = PBXProject;
			attributes = {
				LastUpgradeCheck = 0820;
				ORGANIZATIONNAME = DaMaiIOS;
				TargetAttributes = {
					B0300E681F11DE5D00624D91 = {
						CreatedOnToolsVersion = 8.2.1;
						DevelopmentTeam = W4TDPYH3Z3;
						LastSwiftMigration = 1210;
						ProvisioningStyle = Automatic;
					};
				};
			};
			buildConfigurationList = B0300E641F11DE5D00624D91 /* Build configuration list for PBXProject "TestOC" */;
			compatibilityVersion = "Xcode 3.2";
			developmentRegion = English;
			hasScannedForEncodings = 0;
			knownRegions = (
				English,
				en,
				Base,
			);
			mainGroup = B0300E601F11DE5D00624D91;
			productRefGroup = B0300E6A1F11DE5D00624D91 /* Products */;
			projectDirPath = "";
			projectRoot = "";
			targets = (
				B0300E681F11DE5D00624D91 /* TestOC */,
			);
		};
/* End PBXProject section */

/* Begin PBXResourcesBuildPhase section */
		B0300E671F11DE5D00624D91 /* Resources */ = {
			isa = PBXResourcesBuildPhase;
			buildActionMask = 2147483647;
			files = (
				B0300E791F11DE5D00624D91 /* Assets.xcassets in Resources */,
			);
			runOnlyForDeploymentPostprocessing = 0;
		};
/* End PBXResourcesBuildPhase section */

/* Begin PBXShellScriptBuildPhase section */
		32840C76837A6F089155A999 /* [CP] Check Pods Manifest.lock */ = {
			isa = PBXShellScriptBuildPhase;
			buildActionMask = 2147483647;
			files = (
			);
			inputPaths = (
				"${PODS_PODFILE_DIR_PATH}/Podfile.lock",
				"${PODS_ROOT}/Manifest.lock",
			);
			name = "[CP] Check Pods Manifest.lock";
			outputPaths = (
				"$(DERIVED_FILE_DIR)/Pods-TestOC-checkManifestLockResult.txt",
			);
			runOnlyForDeploymentPostprocessing = 0;
			shellPath = /bin/sh;
			shellScript = "diff \"${PODS_PODFILE_DIR_PATH}/Podfile.lock\" \"${PODS_ROOT}/Manifest.lock\" > /dev/null\nif [ $? != 0 ] ; then\n    # print error to STDERR\n    echo \"error: The sandbox is not in sync with the Podfile.lock. Run 'pod install' or update your CocoaPods installation.\" >&2\n    exit 1\nfi\n# This output is used by Xcode 'outputs' to avoid re-running this script phase.\necho \"SUCCESS\" > \"${SCRIPT_OUTPUT_FILE_0}\"\n";
			showEnvVarsInLog = 0;
		};
/* End PBXShellScriptBuildPhase section */

/* Begin PBXSourcesBuildPhase section */
		B0300E651F11DE5D00624D91 /* Sources */ = {
			isa = PBXSourcesBuildPhase;
			buildActionMask = 2147483647;
			files = (
				5CEFE1B8280FB43E0073BC47 /* PBCommonView.m in Sources */,
				5CEFE1B6280FB43E0073BC47 /* PBCommonController.m in Sources */,
				9516BDC724696A390070C282 /* AppDelegate.m in Sources */,
				5C49DCC42BEE31B000C93DFF /* PBLinkageController.m in Sources */,
				5C49DCC32BEE31B000C93DFF /* PBLinkageThreeListController.m in Sources */,
				5C49DCC52BEE31B000C93DFF /* PBLinkageTwoListController.m in Sources */,
				5C49DCCC2BEE31B000C93DFF /* PBLinkageDescCell.m in Sources */,
				5C49DCC62BEE31B000C93DFF /* PBLinkageOneListController.m in Sources */,
				5C49DCCA2BEE31B000C93DFF /* PBLinkageContainerCell.m in Sources */,
				5C49DCCB2BEE31B000C93DFF /* PBLinkagePosterCell.m in Sources */,
				5C49DCC72BEE31B000C93DFF /* PBLinkageSectionView.m in Sources */,
				5C49DCC92BEE31B000C93DFF /* PBLinkageTableView.m in Sources */,
				5C49DCC82BEE31B000C93DFF /* PBLinkageView.m in Sources */,
				B0300E6E1F11DE5D00624D91 /* main.m in Sources */,
			);
			runOnlyForDeploymentPostprocessing = 0;
		};
/* End PBXSourcesBuildPhase section */

/* Begin XCBuildConfiguration section */
		B0300E7E1F11DE5D00624D91 /* Debug */ = {
			isa = XCBuildConfiguration;
			buildSettings = {
				ALWAYS_SEARCH_USER_PATHS = NO;
				CLANG_ANALYZER_NONNULL = YES;
				CLANG_CXX_LANGUAGE_STANDARD = "gnu++0x";
				CLANG_CXX_LIBRARY = "libc++";
				CLANG_ENABLE_MODULES = YES;
				CLANG_ENABLE_OBJC_ARC = YES;
				CLANG_WARN_BOOL_CONVERSION = YES;
				CLANG_WARN_CONSTANT_CONVERSION = YES;
				CLANG_WARN_DIRECT_OBJC_ISA_USAGE = YES_ERROR;
				CLANG_WARN_DOCUMENTATION_COMMENTS = YES;
				CLANG_WARN_EMPTY_BODY = YES;
				CLANG_WARN_ENUM_CONVERSION = YES;
				CLANG_WARN_INFINITE_RECURSION = YES;
				CLANG_WARN_INT_CONVERSION = YES;
				CLANG_WARN_OBJC_ROOT_CLASS = YES_ERROR;
				CLANG_WARN_SUSPICIOUS_MOVE = YES;
				CLANG_WARN_UNREACHABLE_CODE = YES;
				CLANG_WARN__DUPLICATE_METHOD_MATCH = YES;
				"CODE_SIGN_IDENTITY[sdk=iphoneos*]" = "iPhone Developer";
				COPY_PHASE_STRIP = NO;
				DEBUG_INFORMATION_FORMAT = dwarf;
				ENABLE_STRICT_OBJC_MSGSEND = YES;
				ENABLE_TESTABILITY = YES;
				GCC_C_LANGUAGE_STANDARD = gnu99;
				GCC_DYNAMIC_NO_PIC = NO;
				GCC_NO_COMMON_BLOCKS = YES;
				GCC_OPTIMIZATION_LEVEL = 0;
				GCC_PREPROCESSOR_DEFINITIONS = (
					"DEBUG=1",
					"$(inherited)",
				);
				GCC_WARN_64_TO_32_BIT_CONVERSION = YES;
				GCC_WARN_ABOUT_RETURN_TYPE = YES_ERROR;
				GCC_WARN_UNDECLARED_SELECTOR = YES;
				GCC_WARN_UNINITIALIZED_AUTOS = YES_AGGRESSIVE;
				GCC_WARN_UNUSED_FUNCTION = YES;
				GCC_WARN_UNUSED_VARIABLE = YES;
				IPHONEOS_DEPLOYMENT_TARGET = 8.0;
				MTL_ENABLE_DEBUG_INFO = YES;
				ONLY_ACTIVE_ARCH = YES;
				SDKROOT = iphoneos;
				TARGETED_DEVICE_FAMILY = "1,2";
			};
			name = Debug;
		};
		B0300E7F1F11DE5D00624D91 /* Release */ = {
			isa = XCBuildConfiguration;
			buildSettings = {
				ALWAYS_SEARCH_USER_PATHS = NO;
				CLANG_ANALYZER_NONNULL = YES;
				CLANG_CXX_LANGUAGE_STANDARD = "gnu++0x";
				CLANG_CXX_LIBRARY = "libc++";
				CLANG_ENABLE_MODULES = YES;
				CLANG_ENABLE_OBJC_ARC = YES;
				CLANG_WARN_BOOL_CONVERSION = YES;
				CLANG_WARN_CONSTANT_CONVERSION = YES;
				CLANG_WARN_DIRECT_OBJC_ISA_USAGE = YES_ERROR;
				CLANG_WARN_DOCUMENTATION_COMMENTS = YES;
				CLANG_WARN_EMPTY_BODY = YES;
				CLANG_WARN_ENUM_CONVERSION = YES;
				CLANG_WARN_INFINITE_RECURSION = YES;
				CLANG_WARN_INT_CONVERSION = YES;
				CLANG_WARN_OBJC_ROOT_CLASS = YES_ERROR;
				CLANG_WARN_SUSPICIOUS_MOVE = YES;
				CLANG_WARN_UNREACHABLE_CODE = YES;
				CLANG_WARN__DUPLICATE_METHOD_MATCH = YES;
				"CODE_SIGN_IDENTITY[sdk=iphoneos*]" = "iPhone Developer";
				COPY_PHASE_STRIP = NO;
				DEBUG_INFORMATION_FORMAT = "dwarf-with-dsym";
				ENABLE_NS_ASSERTIONS = NO;
				ENABLE_STRICT_OBJC_MSGSEND = YES;
				GCC_C_LANGUAGE_STANDARD = gnu99;
				GCC_NO_COMMON_BLOCKS = YES;
				GCC_WARN_64_TO_32_BIT_CONVERSION = YES;
				GCC_WARN_ABOUT_RETURN_TYPE = YES_ERROR;
				GCC_WARN_UNDECLARED_SELECTOR = YES;
				GCC_WARN_UNINITIALIZED_AUTOS = YES_AGGRESSIVE;
				GCC_WARN_UNUSED_FUNCTION = YES;
				GCC_WARN_UNUSED_VARIABLE = YES;
				IPHONEOS_DEPLOYMENT_TARGET = 8.0;
				MTL_ENABLE_DEBUG_INFO = NO;
				SDKROOT = iphoneos;
				TARGETED_DEVICE_FAMILY = "1,2";
				VALIDATE_PRODUCT = YES;
			};
			name = Release;
		};
		B0300E811F11DE5D00624D91 /* Debug */ = {
			isa = XCBuildConfiguration;
			baseConfigurationReference = A6E368E17C0EAC6744FC41BC /* Pods-TestOC.debug.xcconfig */;
			buildSettings = {
				ASSETCATALOG_COMPILER_APPICON_NAME = AppIcon;
				CLANG_ENABLE_MODULES = YES;
				DEVELOPMENT_TEAM = W4TDPYH3Z3;
				GCC_PREFIX_HEADER = "";
				HEADER_SEARCH_PATHS = (
					"$(inherited)",
					"\"${PODS_ROOT}/Headers/Public\"",
					"\"${PODS_ROOT}/Headers/Public/YYModel\"",
					"\"${PODS_ROOT}/Headers/Public/YYText\"",
					"$(SDKROOT)/usr/include/libxml2",
				);
				INFOPLIST_FILE = "$(PROJECT)/Info.plist";
				IPHONEOS_DEPLOYMENT_TARGET = 9.0;
				LD_RUNPATH_SEARCH_PATHS = "$(inherited) @executable_path/Frameworks";
				LIBRARY_SEARCH_PATHS = (
					"$(inherited)",
					"$(SDKROOT)/usr/lib/swift",
				);
				OTHER_LDFLAGS = (
					"-all_load",
					"$(inherited)",
				);
				PRODUCT_BUNDLE_IDENTIFIER = com.zsb.TestOC;
				PRODUCT_NAME = "$(TARGET_NAME)";
				SWIFT_OBJC_BRIDGING_HEADER = "";
				SWIFT_OPTIMIZATION_LEVEL = "-Onone";
				SWIFT_VERSION = 5.0;
			};
			name = Debug;
		};
		B0300E821F11DE5D00624D91 /* Release */ = {
			isa = XCBuildConfiguration;
			baseConfigurationReference = 0EAECF538E1AFD05466F6C8E /* Pods-TestOC.release.xcconfig */;
			buildSettings = {
				ASSETCATALOG_COMPILER_APPICON_NAME = AppIcon;
				CLANG_ENABLE_MODULES = YES;
				DEVELOPMENT_TEAM = W4TDPYH3Z3;
				GCC_PREFIX_HEADER = "";
				HEADER_SEARCH_PATHS = (
					"$(inherited)",
					"\"${PODS_ROOT}/Headers/Public\"",
					"\"${PODS_ROOT}/Headers/Public/YYModel\"",
					"\"${PODS_ROOT}/Headers/Public/YYText\"",
					"$(SDKROOT)/usr/include/libxml2",
				);
				INFOPLIST_FILE = "$(PROJECT)/Info.plist";
				IPHONEOS_DEPLOYMENT_TARGET = 9.0;
				LD_RUNPATH_SEARCH_PATHS = "$(inherited) @executable_path/Frameworks";
				LIBRARY_SEARCH_PATHS = (
					"$(inherited)",
					"$(SDKROOT)/usr/lib/swift",
				);
				OTHER_LDFLAGS = (
					"-all_load",
					"$(inherited)",
				);
				PRODUCT_BUNDLE_IDENTIFIER = com.zsb.TestOC;
				PRODUCT_NAME = "$(TARGET_NAME)";
				SWIFT_OBJC_BRIDGING_HEADER = "";
				SWIFT_VERSION = 5.0;
			};
			name = Release;
		};
/* End XCBuildConfiguration section */

/* Begin XCConfigurationList section */
		B0300E641F11DE5D00624D91 /* Build configuration list for PBXProject "TestOC" */ = {
			isa = XCConfigurationList;
			buildConfigurations = (
				B0300E7E1F11DE5D00624D91 /* Debug */,
				B0300E7F1F11DE5D00624D91 /* Release */,
			);
			defaultConfigurationIsVisible = 0;
			defaultConfigurationName = Release;
		};
		B0300E801F11DE5D00624D91 /* Build configuration list for PBXNativeTarget "TestOC" */ = {
			isa = XCConfigurationList;
			buildConfigurations = (
				B0300E811F11DE5D00624D91 /* Debug */,
				B0300E821F11DE5D00624D91 /* Release */,
			);
			defaultConfigurationIsVisible = 0;
			defaultConfigurationName = Release;
		};
/* End XCConfigurationList section */
	};
	rootObject = B0300E611F11DE5D00624D91 /* Project object */;
}
